
Microsoft Visual Studio Solution File, Format Version 12.00
# Visual Studio Version 16
VisualStudioVersion = 16.0.30104.148
MinimumVisualStudioVersion = 10.0.40219.1
Project("{FAE04EC0-301F-11D3-BF4B-00C04F79EFBC}") = "Language", "Language\Language.csproj", "{DE12D783-AAD9-4136-B5FE-F8469897C902}"
EndProject
Global
	GlobalSection(SolutionConfigurationPlatforms) = preSolution
		Debug|Any CPU = Debug|Any CPU
		Release|Any CPU = Release|Any CPU
	EndGlobalSection
	GlobalSection(ProjectConfigurationPlatforms) = postSolution
		{DE12D783-AAD9-4136-B5FE-F8469897C902}.Debug|Any CPU.ActiveCfg = Debug|Any CPU
		{DE12D783-AAD9-4136-B5FE-F8469897C902}.Debug|Any CPU.Build.0 = Debug|Any CPU
		{DE12D783-AAD9-4136-B5FE-F8469897C902}.Release|Any CPU.ActiveCfg = Release|Any CPU
		{DE12D783-AAD9-4136-B5FE-F8469897C902}.Release|Any CPU.Build.0 = Release|Any CPU
	EndGlobalSection
	GlobalSection(SolutionProperties) = preSolution
		HideSolutionNode = FALSE
	EndGlobalSection
	GlobalSection(ExtensibilityGlobals) = postSolution
		SolutionGuid = {170E8225-C135-40C3-8026-6B57600CECCB}
	EndGlobalSection
EndGlobal
