
Microsoft Visual Studio Solution File, Format Version 12.00
# Visual Studio Version 16
VisualStudioVersion = 16.0.30104.148
MinimumVisualStudioVersion = 10.0.40219.1
Project("{FAE04EC0-301F-11D3-BF4B-00C04F79EFBC}") = "Printing Triangle", "Printing Triangle\Printing Triangle.csproj", "{8715393F-B762-462F-BCE3-B8DE9F13A5F4}"
EndProject
Global
	GlobalSection(SolutionConfigurationPlatforms) = preSolution
		Debug|Any CPU = Debug|Any CPU
		Release|Any CPU = Release|Any CPU
	EndGlobalSection
	GlobalSection(ProjectConfigurationPlatforms) = postSolution
		{8715393F-B762-462F-BCE3-B8DE9F13A5F4}.Debug|Any CPU.ActiveCfg = Debug|Any CPU
		{8715393F-B762-462F-BCE3-B8DE9F13A5F4}.Debug|Any CPU.Build.0 = Debug|Any CPU
		{8715393F-B762-462F-BCE3-B8DE9F13A5F4}.Release|Any CPU.ActiveCfg = Release|Any CPU
		{8715393F-B762-462F-BCE3-B8DE9F13A5F4}.Release|Any CPU.Build.0 = Release|Any CPU
	EndGlobalSection
	GlobalSection(SolutionProperties) = preSolution
		HideSolutionNode = FALSE
	EndGlobalSection
	GlobalSection(ExtensibilityGlobals) = postSolution
		SolutionGuid = {0B9C77C0-DA19-48D2-A1A2-4730565BD1D4}
	EndGlobalSection
EndGlobal
