
Microsoft Visual Studio Solution File, Format Version 12.00
# Visual Studio Version 16
VisualStudioVersion = 16.0.30104.148
MinimumVisualStudioVersion = 10.0.40219.1
Project("{FAE04EC0-301F-11D3-BF4B-00C04F79EFBC}") = "Pounds to Dollars", "Pounds to Dollars\Pounds to Dollars.csproj", "{0CA64EB9-746F-4FFF-AE53-96A545B3AB94}"
EndProject
Global
	GlobalSection(SolutionConfigurationPlatforms) = preSolution
		Debug|Any CPU = Debug|Any CPU
		Release|Any CPU = Release|Any CPU
	EndGlobalSection
	GlobalSection(ProjectConfigurationPlatforms) = postSolution
		{0CA64EB9-746F-4FFF-AE53-96A545B3AB94}.Debug|Any CPU.ActiveCfg = Debug|Any CPU
		{0CA64EB9-746F-4FFF-AE53-96A545B3AB94}.Debug|Any CPU.Build.0 = Debug|Any CPU
		{0CA64EB9-746F-4FFF-AE53-96A545B3AB94}.Release|Any CPU.ActiveCfg = Release|Any CPU
		{0CA64EB9-746F-4FFF-AE53-96A545B3AB94}.Release|Any CPU.Build.0 = Release|Any CPU
	EndGlobalSection
	GlobalSection(SolutionProperties) = preSolution
		HideSolutionNode = FALSE
	EndGlobalSection
	GlobalSection(ExtensibilityGlobals) = postSolution
		SolutionGuid = {0082B692-D59E-4687-919D-8ED6415069B5}
	EndGlobalSection
EndGlobal
