
Microsoft Visual Studio Solution File, Format Version 12.00
# Visual Studio Version 16
VisualStudioVersion = 16.0.30104.148
MinimumVisualStudioVersion = 10.0.40219.1
Project("{FAE04EC0-301F-11D3-BF4B-00C04F79EFBC}") = "Calculate Rectangle Area", "Calculate Rectangle Area\Calculate Rectangle Area.csproj", "{DACE25D3-2EEB-4F3B-BF63-861D08AD15E5}"
EndProject
Global
	GlobalSection(SolutionConfigurationPlatforms) = preSolution
		Debug|Any CPU = Debug|Any CPU
		Release|Any CPU = Release|Any CPU
	EndGlobalSection
	GlobalSection(ProjectConfigurationPlatforms) = postSolution
		{DACE25D3-2EEB-4F3B-BF63-861D08AD15E5}.Debug|Any CPU.ActiveCfg = Debug|Any CPU
		{DACE25D3-2EEB-4F3B-BF63-861D08AD15E5}.Debug|Any CPU.Build.0 = Debug|Any CPU
		{DACE25D3-2EEB-4F3B-BF63-861D08AD15E5}.Release|Any CPU.ActiveCfg = Release|Any CPU
		{DACE25D3-2EEB-4F3B-BF63-861D08AD15E5}.Release|Any CPU.Build.0 = Release|Any CPU
	EndGlobalSection
	GlobalSection(SolutionProperties) = preSolution
		HideSolutionNode = FALSE
	EndGlobalSection
	GlobalSection(ExtensibilityGlobals) = postSolution
		SolutionGuid = {45F98694-22C7-4B71-8CF1-BEF437A1121A}
	EndGlobalSection
EndGlobal
