
Microsoft Visual Studio Solution File, Format Version 12.00
# Visual Studio Version 16
VisualStudioVersion = 16.0.30104.148
MinimumVisualStudioVersion = 10.0.40219.1
Project("{FAE04EC0-301F-11D3-BF4B-00C04F79EFBC}") = "special_Num", "special_Num\special_Num.csproj", "{3D728362-B84B-4EFA-A06B-21C8E8CD3096}"
EndProject
Global
	GlobalSection(SolutionConfigurationPlatforms) = preSolution
		Debug|Any CPU = Debug|Any CPU
		Release|Any CPU = Release|Any CPU
	EndGlobalSection
	GlobalSection(ProjectConfigurationPlatforms) = postSolution
		{3D728362-B84B-4EFA-A06B-21C8E8CD3096}.Debug|Any CPU.ActiveCfg = Debug|Any CPU
		{3D728362-B84B-4EFA-A06B-21C8E8CD3096}.Debug|Any CPU.Build.0 = Debug|Any CPU
		{3D728362-B84B-4EFA-A06B-21C8E8CD3096}.Release|Any CPU.ActiveCfg = Release|Any CPU
		{3D728362-B84B-4EFA-A06B-21C8E8CD3096}.Release|Any CPU.Build.0 = Release|Any CPU
	EndGlobalSection
	GlobalSection(SolutionProperties) = preSolution
		HideSolutionNode = FALSE
	EndGlobalSection
	GlobalSection(ExtensibilityGlobals) = postSolution
		SolutionGuid = {5ECBCCEE-20AF-4945-B90B-469398DDB01A}
	EndGlobalSection
EndGlobal
