
Microsoft Visual Studio Solution File, Format Version 12.00
# Visual Studio Version 16
VisualStudioVersion = 16.0.30104.148
MinimumVisualStudioVersion = 10.0.40219.1
Project("{FAE04EC0-301F-11D3-BF4B-00C04F79EFBC}") = "Calculations", "Calculations\Calculations.csproj", "{BAA7761C-702C-4DB5-A487-E4823516CB13}"
EndProject
Global
	GlobalSection(SolutionConfigurationPlatforms) = preSolution
		Debug|Any CPU = Debug|Any CPU
		Release|Any CPU = Release|Any CPU
	EndGlobalSection
	GlobalSection(ProjectConfigurationPlatforms) = postSolution
		{BAA7761C-702C-4DB5-A487-E4823516CB13}.Debug|Any CPU.ActiveCfg = Debug|Any CPU
		{BAA7761C-702C-4DB5-A487-E4823516CB13}.Debug|Any CPU.Build.0 = Debug|Any CPU
		{BAA7761C-702C-4DB5-A487-E4823516CB13}.Release|Any CPU.ActiveCfg = Release|Any CPU
		{BAA7761C-702C-4DB5-A487-E4823516CB13}.Release|Any CPU.Build.0 = Release|Any CPU
	EndGlobalSection
	GlobalSection(SolutionProperties) = preSolution
		HideSolutionNode = FALSE
	EndGlobalSection
	GlobalSection(ExtensibilityGlobals) = postSolution
		SolutionGuid = {30CBD2FA-A9A7-4122-BCAD-877235DA00E0}
	EndGlobalSection
EndGlobal
